
Microsoft Visual Studio Solution File, Format Version 12.00
# Visual Studio Version 17
VisualStudioVersion = 17.3.32929.385
MinimumVisualStudioVersion = 10.0.40219.1
Project("{FAE04EC0-301F-11D3-BF4B-00C04F79EFBC}") = "Projeto_teste", "Projeto_teste\Projeto_teste.csproj", "{838CA130-CF9E-483A-BDE1-A1C90F0FA099}"
EndProject
Project("{FAE04EC0-301F-11D3-BF4B-00C04F79EFBC}") = "TesteMSteste", "TesteMSteste\TesteMSteste.csproj", "{DA489AC4-EF6E-4A82-B887-C602C7A890EA}"
EndProject
Project("{FAE04EC0-301F-11D3-BF4B-00C04F79EFBC}") = "TestXUnit", "TestXUnit\TestXUnit.csproj", "{D6838E1E-C1F2-45A4-9287-21C8C959D987}"
EndProject
Global
	GlobalSection(SolutionConfigurationPlatforms) = preSolution
		Debug|Any CPU = Debug|Any CPU
		Release|Any CPU = Release|Any CPU
	EndGlobalSection
	GlobalSection(ProjectConfigurationPlatforms) = postSolution
		{838CA130-CF9E-483A-BDE1-A1C90F0FA099}.Debug|Any CPU.ActiveCfg = Debug|Any CPU
		{838CA130-CF9E-483A-BDE1-A1C90F0FA099}.Debug|Any CPU.Build.0 = Debug|Any CPU
		{838CA130-CF9E-483A-BDE1-A1C90F0FA099}.Release|Any CPU.ActiveCfg = Release|Any CPU
		{838CA130-CF9E-483A-BDE1-A1C90F0FA099}.Release|Any CPU.Build.0 = Release|Any CPU
		{DA489AC4-EF6E-4A82-B887-C602C7A890EA}.Debug|Any CPU.ActiveCfg = Debug|Any CPU
		{DA489AC4-EF6E-4A82-B887-C602C7A890EA}.Debug|Any CPU.Build.0 = Debug|Any CPU
		{DA489AC4-EF6E-4A82-B887-C602C7A890EA}.Release|Any CPU.ActiveCfg = Release|Any CPU
		{DA489AC4-EF6E-4A82-B887-C602C7A890EA}.Release|Any CPU.Build.0 = Release|Any CPU
		{D6838E1E-C1F2-45A4-9287-21C8C959D987}.Debug|Any CPU.ActiveCfg = Debug|Any CPU
		{D6838E1E-C1F2-45A4-9287-21C8C959D987}.Debug|Any CPU.Build.0 = Debug|Any CPU
		{D6838E1E-C1F2-45A4-9287-21C8C959D987}.Release|Any CPU.ActiveCfg = Release|Any CPU
		{D6838E1E-C1F2-45A4-9287-21C8C959D987}.Release|Any CPU.Build.0 = Release|Any CPU
	EndGlobalSection
	GlobalSection(SolutionProperties) = preSolution
		HideSolutionNode = FALSE
	EndGlobalSection
	GlobalSection(ExtensibilityGlobals) = postSolution
		SolutionGuid = {54A5DFCB-9461-4C82-9FA0-DDE574D1D17F}
	EndGlobalSection
EndGlobal
